<?xml version="1.0" encoding="utf-8"?>
<Project ToolsVersion="4.0" xmlns="http://schemas.microsoft.com/developer/msbuild/2003">
  <ItemGroup>
    <Filter Include="Main">
      <UniqueIdentifier>{0a1e89ab-07e1-4729-bfea-6e6511c6da4c}</UniqueIdentifier>
    </Filter>
    <Filter Include="Base">
      <UniqueIdentifier>{76adb66c-e3cc-4861-bd6e-e2ef0f93011a}</UniqueIdentifier>
    </Filter>
    <Filter Include="Network">
      <UniqueIdentifier>{2919aee9-8246-4ffb-9353-5ae13ef2cb76}</UniqueIdentifier>
    </Filter>
    <Filter Include="Protocol">
      <UniqueIdentifier>{c2c7fc5b-bb5c-4c34-8596-9c681ec2f560}</UniqueIdentifier>
    </Filter>
    <Filter Include="Contents">
      <UniqueIdentifier>{0abefb6b-7f49-499e-8907-9ae5336a8d2d}</UniqueIdentifier>
    </Filter>
  </ItemGroup>
  <ItemGroup>
    <ClCompile Include="MainServer.cpp">
      <Filter>Main</Filter>
    </ClCompile>
    <ClCompile Include="pch.cpp">
      <Filter>Base</Filter>
    </ClCompile>
    <ClCompile Include="ClientSessionManager.cpp">
      <Filter>Network</Filter>
    </ClCompile>
    <ClCompile Include="ClientSession.cpp">
      <Filter>Network</Filter>
    </ClCompile>
    <ClCompile Include="ClientProtocolManager.cpp">
      <Filter>Network</Filter>
    </ClCompile>
    <ClCompile Include="Protocol.pb.cc">
      <Filter>Protocol</Filter>
    </ClCompile>
    <ClCompile Include="Struct.pb.cc">
      <Filter>Protocol</Filter>
    </ClCompile>
    <ClCompile Include="Enum.pb.cc">
      <Filter>Protocol</Filter>
    </ClCompile>
    <ClCompile Include="Player.cpp">
      <Filter>Contents</Filter>
    </ClCompile>
    <ClCompile Include="Room.cpp">
      <Filter>Contents</Filter>
    </ClCompile>
    <ClCompile Include="Utility.cpp">
      <Filter>Base</Filter>
    </ClCompile>
    <ClCompile Include="ObjectManager.cpp">
      <Filter>Contents</Filter>
    </ClCompile>
    <ClCompile Include="BaseObject.cpp">
      <Filter>Contents</Filter>
    </ClCompile>
    <ClCompile Include="Creature.cpp">
      <Filter>Contents</Filter>
    </ClCompile>
    <ClCompile Include="Monster.cpp">
      <Filter>Contents</Filter>
    </ClCompile>
  </ItemGroup>
  <ItemGroup>
    <ClInclude Include="pch.h">
      <Filter>Base</Filter>
    </ClInclude>
    <ClInclude Include="ClientSessionManager.h">
      <Filter>Network</Filter>
    </ClInclude>
    <ClInclude Include="ClientSession.h">
      <Filter>Network</Filter>
    </ClInclude>
    <ClInclude Include="ClientProtocolManager.h">
      <Filter>Network</Filter>
    </ClInclude>
    <ClInclude Include="Protocol.pb.h">
      <Filter>Protocol</Filter>
    </ClInclude>
    <ClInclude Include="Enum.pb.h">
      <Filter>Protocol</Filter>
    </ClInclude>
    <ClInclude Include="Struct.pb.h">
      <Filter>Protocol</Filter>
    </ClInclude>
    <ClInclude Include="Player.h">
      <Filter>Contents</Filter>
    </ClInclude>
    <ClInclude Include="Room.h">
      <Filter>Contents</Filter>
    </ClInclude>
    <ClInclude Include="P1.h">
      <Filter>Base</Filter>
    </ClInclude>
    <ClInclude Include="Utility.h">
      <Filter>Base</Filter>
    </ClInclude>
    <ClInclude Include="ObjectManager.h">
      <Filter>Contents</Filter>
    </ClInclude>
    <ClInclude Include="BaseObject.h">
      <Filter>Contents</Filter>
    </ClInclude>
    <ClInclude Include="Creature.h">
      <Filter>Contents</Filter>
    </ClInclude>
    <ClInclude Include="Monster.h">
      <Filter>Contents</Filter>
    </ClInclude>
  </ItemGroup>
  <ItemGroup>
    <None Include="..\Resource\protoc\bin\Protocol.proto">
      <Filter>Protocol</Filter>
    </None>
    <None Include="..\Resource\protoc\bin\Struct.proto">
      <Filter>Protocol</Filter>
    </None>
    <None Include="..\Resource\protoc\bin\Enum.proto">
      <Filter>Protocol</Filter>
    </None>
    <None Include="..\Resource\protoc\bin\ProtocolMaker.bat">
      <Filter>Protocol</Filter>
    </None>
  </ItemGroup>
</Project>